
Microsoft Visual Studio Solution File, Format Version 12.00
# Visual Studio Version 17
VisualStudioVersion = 17.5.33502.453
MinimumVisualStudioVersion = 10.0.40219.1
Project("{9A19103F-16F7-4668-BE54-9A1E7A4F7556}") = "OnlineShopWebApp", "OnlineShopWebApp\OnlineShopWebApp.csproj", "{9F573B84-9931-469D-8F62-FAA24A06B963}"
EndProject
Project("{2150E333-8FDC-42A3-9474-1A3956D46DE8}") = "Solution Items", "Solution Items", "{867C46D5-06D6-4E8D-B371-BD2437986F7D}"
	ProjectSection(SolutionItems) = preProject
		.editorconfig = .editorconfig
	EndProjectSection
EndProject
Project("{9A19103F-16F7-4668-BE54-9A1E7A4F7556}") = "OnlineShop.Db", "OnlineShop.Db\OnlineShop.Db.csproj", "{2BFF59A2-9E43-4057-8A43-60BBF6B9259A}"
EndProject
Project("{9A19103F-16F7-4668-BE54-9A1E7A4F7556}") = "OnlineShop.BL", "OnlineShop.BL\OnlineShop.BL.csproj", "{6A2DE592-C0A1-4E93-986E-E6A12A80DC7F}"
EndProject
Project("{9A19103F-16F7-4668-BE54-9A1E7A4F7556}") = "OnlineShop.Mappers", "OnlineShop.Mappers\OnlineShop.Mappers.csproj", "{C369EA8A-FED3-474E-8E13-02454B26ACF4}"
EndProject
Project("{FAE04EC0-301F-11D3-BF4B-00C04F79EFBC}") = "OnlineShopWebApp.ViewsModels", "OnlineShopWebApp.ViewsModels\OnlineShopWebApp.ViewsModels.csproj", "{7A8B4378-A7A0-4C03-ABB5-A586AE1F4FC9}"
EndProject
Project("{FAE04EC0-301F-11D3-BF4B-00C04F79EFBC}") = "OnlineShop.WebAPI", "OnlineShop.WebAPI\OnlineShop.WebAPI.csproj", "{CFB5A126-F42E-48B0-8299-80C7C64C1676}"
EndProject
Global
	GlobalSection(SolutionConfigurationPlatforms) = preSolution
		Debug|Any CPU = Debug|Any CPU
		Release|Any CPU = Release|Any CPU
	EndGlobalSection
	GlobalSection(ProjectConfigurationPlatforms) = postSolution
		{9F573B84-9931-469D-8F62-FAA24A06B963}.Debug|Any CPU.ActiveCfg = Debug|Any CPU
		{9F573B84-9931-469D-8F62-FAA24A06B963}.Debug|Any CPU.Build.0 = Debug|Any CPU
		{9F573B84-9931-469D-8F62-FAA24A06B963}.Release|Any CPU.ActiveCfg = Release|Any CPU
		{9F573B84-9931-469D-8F62-FAA24A06B963}.Release|Any CPU.Build.0 = Release|Any CPU
		{2BFF59A2-9E43-4057-8A43-60BBF6B9259A}.Debug|Any CPU.ActiveCfg = Debug|Any CPU
		{2BFF59A2-9E43-4057-8A43-60BBF6B9259A}.Debug|Any CPU.Build.0 = Debug|Any CPU
		{2BFF59A2-9E43-4057-8A43-60BBF6B9259A}.Release|Any CPU.ActiveCfg = Release|Any CPU
		{2BFF59A2-9E43-4057-8A43-60BBF6B9259A}.Release|Any CPU.Build.0 = Release|Any CPU
		{6A2DE592-C0A1-4E93-986E-E6A12A80DC7F}.Debug|Any CPU.ActiveCfg = Debug|Any CPU
		{6A2DE592-C0A1-4E93-986E-E6A12A80DC7F}.Debug|Any CPU.Build.0 = Debug|Any CPU
		{6A2DE592-C0A1-4E93-986E-E6A12A80DC7F}.Release|Any CPU.ActiveCfg = Release|Any CPU
		{6A2DE592-C0A1-4E93-986E-E6A12A80DC7F}.Release|Any CPU.Build.0 = Release|Any CPU
		{C369EA8A-FED3-474E-8E13-02454B26ACF4}.Debug|Any CPU.ActiveCfg = Debug|Any CPU
		{C369EA8A-FED3-474E-8E13-02454B26ACF4}.Debug|Any CPU.Build.0 = Debug|Any CPU
		{C369EA8A-FED3-474E-8E13-02454B26ACF4}.Release|Any CPU.ActiveCfg = Release|Any CPU
		{C369EA8A-FED3-474E-8E13-02454B26ACF4}.Release|Any CPU.Build.0 = Release|Any CPU
		{7A8B4378-A7A0-4C03-ABB5-A586AE1F4FC9}.Debug|Any CPU.ActiveCfg = Debug|Any CPU
		{7A8B4378-A7A0-4C03-ABB5-A586AE1F4FC9}.Debug|Any CPU.Build.0 = Debug|Any CPU
		{7A8B4378-A7A0-4C03-ABB5-A586AE1F4FC9}.Release|Any CPU.ActiveCfg = Release|Any CPU
		{7A8B4378-A7A0-4C03-ABB5-A586AE1F4FC9}.Release|Any CPU.Build.0 = Release|Any CPU
		{CFB5A126-F42E-48B0-8299-80C7C64C1676}.Debug|Any CPU.ActiveCfg = Debug|Any CPU
		{CFB5A126-F42E-48B0-8299-80C7C64C1676}.Debug|Any CPU.Build.0 = Debug|Any CPU
		{CFB5A126-F42E-48B0-8299-80C7C64C1676}.Release|Any CPU.ActiveCfg = Release|Any CPU
		{CFB5A126-F42E-48B0-8299-80C7C64C1676}.Release|Any CPU.Build.0 = Release|Any CPU
	EndGlobalSection
	GlobalSection(SolutionProperties) = preSolution
		HideSolutionNode = FALSE
	EndGlobalSection
	GlobalSection(ExtensibilityGlobals) = postSolution
		SolutionGuid = {C6C74DDF-F083-4ABD-AA4C-C0FAF07AD535}
	EndGlobalSection
EndGlobal
